
Microsoft Visual Studio Solution File, Format Version 12.00
# Visual Studio Version 17
VisualStudioVersion = 17.9.34728.123
MinimumVisualStudioVersion = 10.0.40219.1
Project("{FAE04EC0-301F-11D3-BF4B-00C04F79EFBC}") = "TABLA DE MULTIPLICACION PROGRAMACION", "TABLA DE MULTIPLICACION PROGRAMACION\TABLA DE MULTIPLICACION PROGRAMACION.csproj", "{BC1A45F1-A310-48C3-BB79-8E69B8C00C32}"
EndProject
Global
	GlobalSection(SolutionConfigurationPlatforms) = preSolution
		Debug|Any CPU = Debug|Any CPU
		Release|Any CPU = Release|Any CPU
	EndGlobalSection
	GlobalSection(ProjectConfigurationPlatforms) = postSolution
		{BC1A45F1-A310-48C3-BB79-8E69B8C00C32}.Debug|Any CPU.ActiveCfg = Debug|Any CPU
		{BC1A45F1-A310-48C3-BB79-8E69B8C00C32}.Debug|Any CPU.Build.0 = Debug|Any CPU
		{BC1A45F1-A310-48C3-BB79-8E69B8C00C32}.Release|Any CPU.ActiveCfg = Release|Any CPU
		{BC1A45F1-A310-48C3-BB79-8E69B8C00C32}.Release|Any CPU.Build.0 = Release|Any CPU
	EndGlobalSection
	GlobalSection(SolutionProperties) = preSolution
		HideSolutionNode = FALSE
	EndGlobalSection
	GlobalSection(ExtensibilityGlobals) = postSolution
		SolutionGuid = {0FBBD04D-E5AD-42AA-ABD5-F3B519AE4013}
	EndGlobalSection
EndGlobal
