
Microsoft Visual Studio Solution File, Format Version 12.00
# Visual Studio Version 17
VisualStudioVersion = 17.9.34728.123
MinimumVisualStudioVersion = 10.0.40219.1
Project("{FAE04EC0-301F-11D3-BF4B-00C04F79EFBC}") = "VERIFICAR SI UN NUMERO ES PAR O IMPAR", "VERIFICAR SI UN NUMERO ES PAR O IMPAR\VERIFICAR SI UN NUMERO ES PAR O IMPAR.csproj", "{C52DDBFC-5DAA-4F32-BCDC-DF2C652AF47A}"
EndProject
Global
	GlobalSection(SolutionConfigurationPlatforms) = preSolution
		Debug|Any CPU = Debug|Any CPU
		Release|Any CPU = Release|Any CPU
	EndGlobalSection
	GlobalSection(ProjectConfigurationPlatforms) = postSolution
		{C52DDBFC-5DAA-4F32-BCDC-DF2C652AF47A}.Debug|Any CPU.ActiveCfg = Debug|Any CPU
		{C52DDBFC-5DAA-4F32-BCDC-DF2C652AF47A}.Debug|Any CPU.Build.0 = Debug|Any CPU
		{C52DDBFC-5DAA-4F32-BCDC-DF2C652AF47A}.Release|Any CPU.ActiveCfg = Release|Any CPU
		{C52DDBFC-5DAA-4F32-BCDC-DF2C652AF47A}.Release|Any CPU.Build.0 = Release|Any CPU
	EndGlobalSection
	GlobalSection(SolutionProperties) = preSolution
		HideSolutionNode = FALSE
	EndGlobalSection
	GlobalSection(ExtensibilityGlobals) = postSolution
		SolutionGuid = {6ACAE8B4-0CAF-43C8-A647-E6E9EF9C7BB3}
	EndGlobalSection
EndGlobal
